
Microsoft Visual Studio Solution File, Format Version 12.00
# Visual Studio Version 16
VisualStudioVersion = 16.0.28803.156
MinimumVisualStudioVersion = 10.0.40219.1
Project("{FAE04EC0-301F-11D3-BF4B-00C04F79EFBC}") = "MotorcycleTracker", "MotorcycleTracker\MotorcycleTracker.csproj", "{DC00A82F-1607-475C-971B-AD66E2B29E52}"
EndProject
Project("{FAE04EC0-301F-11D3-BF4B-00C04F79EFBC}") = "MotorcycleTracker.Tests", "MotorcycleTracker.Tests\MotorcycleTracker.Tests.csproj", "{F0411F47-E63B-4D4B-A4DE-1663D9BC69B0}"
EndProject
Global
	GlobalSection(SolutionConfigurationPlatforms) = preSolution
		Debug|Any CPU = Debug|Any CPU
		Release|Any CPU = Release|Any CPU
	EndGlobalSection
	GlobalSection(ProjectConfigurationPlatforms) = postSolution
		{DC00A82F-1607-475C-971B-AD66E2B29E52}.Debug|Any CPU.ActiveCfg = Debug|Any CPU
		{DC00A82F-1607-475C-971B-AD66E2B29E52}.Debug|Any CPU.Build.0 = Debug|Any CPU
		{DC00A82F-1607-475C-971B-AD66E2B29E52}.Release|Any CPU.ActiveCfg = Release|Any CPU
		{DC00A82F-1607-475C-971B-AD66E2B29E52}.Release|Any CPU.Build.0 = Release|Any CPU
		{F0411F47-E63B-4D4B-A4DE-1663D9BC69B0}.Debug|Any CPU.ActiveCfg = Debug|Any CPU
		{F0411F47-E63B-4D4B-A4DE-1663D9BC69B0}.Debug|Any CPU.Build.0 = Debug|Any CPU
		{F0411F47-E63B-4D4B-A4DE-1663D9BC69B0}.Release|Any CPU.ActiveCfg = Release|Any CPU
		{F0411F47-E63B-4D4B-A4DE-1663D9BC69B0}.Release|Any CPU.Build.0 = Release|Any CPU
	EndGlobalSection
	GlobalSection(SolutionProperties) = preSolution
		HideSolutionNode = FALSE
	EndGlobalSection
	GlobalSection(ExtensibilityGlobals) = postSolution
		SolutionGuid = {6E0707E9-28A6-4D64-8CFE-08692CAC9AB8}
	EndGlobalSection
EndGlobal
